
Microsoft Visual Studio Solution File, Format Version 12.00
# Visual Studio Version 16
VisualStudioVersion = 16.0.29209.62
MinimumVisualStudioVersion = 10.0.40219.1
Project("{9A19103F-16F7-4668-BE54-9A1E7A4F7556}") = "BankAppSample", "BankAppSample\BankAppSample.csproj", "{92FC091C-9661-4C6E-BEE5-3B758A56603E}"
EndProject
Project("{FAE04EC0-301F-11D3-BF4B-00C04F79EFBC}") = "SpecFlowTests", "SpecFlowTests\SpecFlowTests.csproj", "{3F7A87B3-FC49-4F90-8762-2C09A020606A}"
EndProject
Global
	GlobalSection(SolutionConfigurationPlatforms) = preSolution
		Debug|Any CPU = Debug|Any CPU
		Release|Any CPU = Release|Any CPU
	EndGlobalSection
	GlobalSection(ProjectConfigurationPlatforms) = postSolution
		{92FC091C-9661-4C6E-BEE5-3B758A56603E}.Debug|Any CPU.ActiveCfg = Debug|Any CPU
		{92FC091C-9661-4C6E-BEE5-3B758A56603E}.Debug|Any CPU.Build.0 = Debug|Any CPU
		{92FC091C-9661-4C6E-BEE5-3B758A56603E}.Release|Any CPU.ActiveCfg = Release|Any CPU
		{92FC091C-9661-4C6E-BEE5-3B758A56603E}.Release|Any CPU.Build.0 = Release|Any CPU
		{3F7A87B3-FC49-4F90-8762-2C09A020606A}.Debug|Any CPU.ActiveCfg = Debug|Any CPU
		{3F7A87B3-FC49-4F90-8762-2C09A020606A}.Debug|Any CPU.Build.0 = Debug|Any CPU
		{3F7A87B3-FC49-4F90-8762-2C09A020606A}.Release|Any CPU.ActiveCfg = Release|Any CPU
		{3F7A87B3-FC49-4F90-8762-2C09A020606A}.Release|Any CPU.Build.0 = Release|Any CPU
	EndGlobalSection
	GlobalSection(SolutionProperties) = preSolution
		HideSolutionNode = FALSE
	EndGlobalSection
	GlobalSection(ExtensibilityGlobals) = postSolution
		SolutionGuid = {05A56280-2BAF-40AE-9CC7-206D1E08975C}
	EndGlobalSection
EndGlobal
